
Microsoft Visual Studio Solution File, Format Version 12.00
# Visual Studio Version 18
VisualStudioVersion = 18.1.11312.151
MinimumVisualStudioVersion = 10.0.40219.1
Project("{FAE04EC0-301F-11D3-BF4B-00C04F79EFBC}") = "CK.Taghelpers", "CK.Taghelpers\CK.Taghelpers.csproj", "{2A5EF37F-BF2E-2239-FDCC-C24104473AAA}"
EndProject
Project("{FAE04EC0-301F-11D3-BF4B-00C04F79EFBC}") = "CK.Taghelpers.SampleUsage", "CK.Taghelpers.SampleUsage\CK.Taghelpers.SampleUsage.csproj", "{7DF612AC-F286-0229-9914-769AC19EF145}"
EndProject
Project("{FAE04EC0-301F-11D3-BF4B-00C04F79EFBC}") = "CK.TagHelpers.Tests", "CK.TagHelpers.Tests\CK.TagHelpers.Tests.csproj", "{91FF33C8-3F50-4210-A4CA-065CDCF2E23D}"
EndProject
Global
	GlobalSection(SolutionConfigurationPlatforms) = preSolution
		Debug|Any CPU = Debug|Any CPU
		Debug|x64 = Debug|x64
		Debug|x86 = Debug|x86
		Release|Any CPU = Release|Any CPU
		Release|x64 = Release|x64
		Release|x86 = Release|x86
	EndGlobalSection
	GlobalSection(ProjectConfigurationPlatforms) = postSolution
		{2A5EF37F-BF2E-2239-FDCC-C24104473AAA}.Debug|Any CPU.ActiveCfg = Debug|Any CPU
		{2A5EF37F-BF2E-2239-FDCC-C24104473AAA}.Debug|Any CPU.Build.0 = Debug|Any CPU
		{2A5EF37F-BF2E-2239-FDCC-C24104473AAA}.Debug|x64.ActiveCfg = Debug|Any CPU
		{2A5EF37F-BF2E-2239-FDCC-C24104473AAA}.Debug|x64.Build.0 = Debug|Any CPU
		{2A5EF37F-BF2E-2239-FDCC-C24104473AAA}.Debug|x86.ActiveCfg = Debug|Any CPU
		{2A5EF37F-BF2E-2239-FDCC-C24104473AAA}.Debug|x86.Build.0 = Debug|Any CPU
		{2A5EF37F-BF2E-2239-FDCC-C24104473AAA}.Release|Any CPU.ActiveCfg = Release|Any CPU
		{2A5EF37F-BF2E-2239-FDCC-C24104473AAA}.Release|Any CPU.Build.0 = Release|Any CPU
		{2A5EF37F-BF2E-2239-FDCC-C24104473AAA}.Release|x64.ActiveCfg = Release|Any CPU
		{2A5EF37F-BF2E-2239-FDCC-C24104473AAA}.Release|x64.Build.0 = Release|Any CPU
		{2A5EF37F-BF2E-2239-FDCC-C24104473AAA}.Release|x86.ActiveCfg = Release|Any CPU
		{2A5EF37F-BF2E-2239-FDCC-C24104473AAA}.Release|x86.Build.0 = Release|Any CPU
		{7DF612AC-F286-0229-9914-769AC19EF145}.Debug|Any CPU.ActiveCfg = Debug|Any CPU
		{7DF612AC-F286-0229-9914-769AC19EF145}.Debug|Any CPU.Build.0 = Debug|Any CPU
		{7DF612AC-F286-0229-9914-769AC19EF145}.Debug|x64.ActiveCfg = Debug|Any CPU
		{7DF612AC-F286-0229-9914-769AC19EF145}.Debug|x64.Build.0 = Debug|Any CPU
		{7DF612AC-F286-0229-9914-769AC19EF145}.Debug|x86.ActiveCfg = Debug|Any CPU
		{7DF612AC-F286-0229-9914-769AC19EF145}.Debug|x86.Build.0 = Debug|Any CPU
		{7DF612AC-F286-0229-9914-769AC19EF145}.Release|Any CPU.ActiveCfg = Release|Any CPU
		{7DF612AC-F286-0229-9914-769AC19EF145}.Release|Any CPU.Build.0 = Release|Any CPU
		{7DF612AC-F286-0229-9914-769AC19EF145}.Release|x64.ActiveCfg = Release|Any CPU
		{7DF612AC-F286-0229-9914-769AC19EF145}.Release|x64.Build.0 = Release|Any CPU
		{7DF612AC-F286-0229-9914-769AC19EF145}.Release|x86.ActiveCfg = Release|Any CPU
		{7DF612AC-F286-0229-9914-769AC19EF145}.Release|x86.Build.0 = Release|Any CPU
		{91FF33C8-3F50-4210-A4CA-065CDCF2E23D}.Debug|Any CPU.ActiveCfg = Debug|Any CPU
		{91FF33C8-3F50-4210-A4CA-065CDCF2E23D}.Debug|Any CPU.Build.0 = Debug|Any CPU
		{91FF33C8-3F50-4210-A4CA-065CDCF2E23D}.Debug|x64.ActiveCfg = Debug|Any CPU
		{91FF33C8-3F50-4210-A4CA-065CDCF2E23D}.Debug|x64.Build.0 = Debug|Any CPU
		{91FF33C8-3F50-4210-A4CA-065CDCF2E23D}.Debug|x86.ActiveCfg = Debug|Any CPU
		{91FF33C8-3F50-4210-A4CA-065CDCF2E23D}.Debug|x86.Build.0 = Debug|Any CPU
		{91FF33C8-3F50-4210-A4CA-065CDCF2E23D}.Release|Any CPU.ActiveCfg = Release|Any CPU
		{91FF33C8-3F50-4210-A4CA-065CDCF2E23D}.Release|Any CPU.Build.0 = Release|Any CPU
		{91FF33C8-3F50-4210-A4CA-065CDCF2E23D}.Release|x64.ActiveCfg = Release|Any CPU
		{91FF33C8-3F50-4210-A4CA-065CDCF2E23D}.Release|x64.Build.0 = Release|Any CPU
		{91FF33C8-3F50-4210-A4CA-065CDCF2E23D}.Release|x86.ActiveCfg = Release|Any CPU
		{91FF33C8-3F50-4210-A4CA-065CDCF2E23D}.Release|x86.Build.0 = Release|Any CPU
	EndGlobalSection
	GlobalSection(SolutionProperties) = preSolution
		HideSolutionNode = FALSE
	EndGlobalSection
	GlobalSection(ExtensibilityGlobals) = postSolution
		SolutionGuid = {45429F64-07DA-4E01-B494-41EC4D9EDFEC}
	EndGlobalSection
EndGlobal
